{
  "nodes": {
    "catppuccin": {
      "locked": {
        "lastModified": 1731232837,
        "narHash": "sha256-0aIwr/RC/oe7rYkfJb47xjdEQDSNcqpFGsEa+EPlDEs=",
        "owner": "catppuccin",
        "repo": "nix",
        "rev": "32359bf226fe874d3b7a0a5753d291a4da9616fe",
        "type": "github"
      },
      "original": {
        "owner": "catppuccin",
        "repo": "nix",
        "type": "github"
      }
    },
    "cl-nix-lite": {
      "locked": {
        "lastModified": 1717972076,
        "narHash": "sha256-hnZEsDInTcsVSL5LBGDAZegAxVLBus/wiJh+sNM15zU=",
        "owner": "hraban",
        "repo": "cl-nix-lite",
        "rev": "cc920bfb0a6402d3871f470c98d65266126973e4",
        "type": "github"
      },
      "original": {
        "owner": "hraban",
        "repo": "cl-nix-lite",
        "type": "github"
      }
    },
    "darwin": {
      "inputs": {
        "nixpkgs": [
          "nixpkgs"
        ]
      },
      "locked": {
        "lastModified": 1732229547,
        "narHash": "sha256-vtUhSQFgDfyyNM6rgmn35A2T+L5PXBS0H89cxWK9N2A=",
        "owner": "lnl7",
        "repo": "nix-darwin",
        "rev": "edabc790a834326dcb5810e2698fa743483510d0",
        "type": "github"
      },
      "original": {
        "owner": "lnl7",
        "repo": "nix-darwin",
        "type": "github"
      }
    },
    "firefox-darwin": {
      "inputs": {
        "nixpkgs": [
          "nixpkgs"
        ]
      },
      "locked": {
        "lastModified": 1732237177,
        "narHash": "sha256-MsRFK7W8GuWdY5ouXDbbubQ9i8z6ou1RgzOFpNsHRrs=",
        "owner": "bandithedoge",
        "repo": "nixpkgs-firefox-darwin",
        "rev": "61544b9937d02734f234122d4af55e714ab67485",
        "type": "github"
      },
      "original": {
        "owner": "bandithedoge",
        "repo": "nixpkgs-firefox-darwin",
        "type": "github"
      }
    },
    "flake-compat": {
      "flake": false,
      "locked": {
        "lastModified": 1697816753,
        "narHash": "sha256-40to80AEIyKCQI0xMKCeF5ePoIKTYgjVVCZeu4CnTxM=",
        "owner": "hraban",
        "repo": "flake-compat",
        "rev": "6025bade1336a36014639bc3f67eacc853dab78f",
        "type": "github"
      },
      "original": {
        "owner": "hraban",
        "ref": "fixed-output",
        "repo": "flake-compat",
        "type": "github"
      }
    },
    "flake-compat_2": {
      "flake": false,
      "locked": {
        "lastModified": 1696426674,
        "narHash": "sha256-kvjfFW7WAETZlt09AgDn1MrtKzP7t90Vf7vypd3OL1U=",
        "owner": "edolstra",
        "repo": "flake-compat",
        "rev": "0f9255e01c2351cc7d116c072cb317785dd33b33",
        "type": "github"
      },
      "original": {
        "owner": "edolstra",
        "repo": "flake-compat",
        "type": "github"
      }
    },
    "flake-utils": {
      "inputs": {
        "systems": "systems"
      },
      "locked": {
        "lastModified": 1710146030,
        "narHash": "sha256-SZ5L6eA7HJ/nmkzGG7/ISclqe6oZdOZTNoesiInkXPQ=",
        "owner": "numtide",
        "repo": "flake-utils",
        "rev": "b1d9ab70662946ef0850d488da1c9019f3a9752a",
        "type": "github"
      },
      "original": {
        "id": "flake-utils",
        "type": "indirect"
      }
    },
    "flake-utils_2": {
      "inputs": {
        "systems": "systems_2"
      },
      "locked": {
        "lastModified": 1726560853,
        "narHash": "sha256-X6rJYSESBVr3hBoH0WbKE5KvhPU5bloyZ2L4K60/fPQ=",
        "owner": "numtide",
        "repo": "flake-utils",
        "rev": "c1dfcf08411b08f6b8615f7d8971a2bfa81d5e8a",
        "type": "github"
      },
      "original": {
        "owner": "numtide",
        "repo": "flake-utils",
        "type": "github"
      }
    },
    "flake-utils_3": {
      "inputs": {
        "systems": "systems_3"
      },
      "locked": {
        "lastModified": 1681202837,
        "narHash": "sha256-H+Rh19JDwRtpVPAWp64F+rlEtxUWBAQW28eAi3SRSzg=",
        "owner": "numtide",
        "repo": "flake-utils",
        "rev": "cfacdce06f30d2b68473a46042957675eebb3401",
        "type": "github"
      },
      "original": {
        "owner": "numtide",
        "repo": "flake-utils",
        "type": "github"
      }
    },
    "home-manager": {
      "inputs": {
        "nixpkgs": [
          "nixpkgs"
        ]
      },
      "locked": {
        "lastModified": 1732025103,
        "narHash": "sha256-qjEI64RKvDxRyEarY0jTzrZMa8ebezh2DEZmJJrpVdo=",
        "owner": "nix-community",
        "repo": "home-manager",
        "rev": "a46e702093a5c46e192243edbd977d5749e7f294",
        "type": "github"
      },
      "original": {
        "owner": "nix-community",
        "repo": "home-manager",
        "type": "github"
      }
    },
    "mac-app-util": {
      "inputs": {
        "cl-nix-lite": "cl-nix-lite",
        "flake-compat": "flake-compat",
        "flake-utils": "flake-utils",
        "nixpkgs": "nixpkgs"
      },
      "locked": {
        "lastModified": 1731385712,
        "narHash": "sha256-hcPGb+Voh1N+SD3XuwgcwDMA6W/lGkXLCnd3mttoLoA=",
        "owner": "hraban",
        "repo": "mac-app-util",
        "rev": "9ef4d1c14dab18a95691602bf541cd091fdcc2e3",
        "type": "github"
      },
      "original": {
        "owner": "hraban",
        "repo": "mac-app-util",
        "type": "github"
      }
    },
    "nixos-wsl": {
      "inputs": {
        "flake-compat": "flake-compat_2",
        "flake-utils": "flake-utils_2",
        "nixpkgs": [
          "nixpkgs"
        ]
      },
      "locked": {
        "lastModified": 1731682434,
        "narHash": "sha256-HnZFPB7akVIy0KuPq/tEkiB+Brt1qi0DUIDzR8z25qI=",
        "owner": "nix-community",
        "repo": "NixOS-WSL",
        "rev": "a6b9cf0b7805e2c50829020a73e7bde683fd36dd",
        "type": "github"
      },
      "original": {
        "owner": "nix-community",
        "repo": "NixOS-WSL",
        "type": "github"
      }
    },
    "nixpkgs": {
      "locked": {
        "lastModified": 1717868076,
        "narHash": "sha256-c83Y9t815Wa34khrux81j8K8ET94ESmCuwORSKm2bQY=",
        "owner": "NixOS",
        "repo": "nixpkgs",
        "rev": "cd18e2ae9ab8e2a0a8d715b60c91b54c0ac35ff9",
        "type": "github"
      },
      "original": {
        "owner": "NixOS",
        "repo": "nixpkgs",
        "rev": "cd18e2ae9ab8e2a0a8d715b60c91b54c0ac35ff9",
        "type": "github"
      }
    },
    "nixpkgs_2": {
      "locked": {
        "lastModified": 1731890469,
        "narHash": "sha256-D1FNZ70NmQEwNxpSSdTXCSklBH1z2isPR84J6DQrJGs=",
        "owner": "NixOS",
        "repo": "nixpkgs",
        "rev": "5083ec887760adfe12af64830a66807423a859a7",
        "type": "github"
      },
      "original": {
        "owner": "NixOS",
        "ref": "nixpkgs-unstable",
        "repo": "nixpkgs",
        "type": "github"
      }
    },
    "nur": {
      "locked": {
        "lastModified": 1732290590,
        "narHash": "sha256-5D23UhDnXUd+vMpULEqzNDxVgqN5s+5FWgCG+Ylf020=",
        "owner": "nix-community",
        "repo": "NUR",
        "rev": "7efb4610277ec246d7a1d37655f9471fc4defbfc",
        "type": "github"
      },
      "original": {
        "owner": "nix-community",
        "repo": "NUR",
        "type": "github"
      }
    },
    "root": {
      "inputs": {
        "catppuccin": "catppuccin",
        "darwin": "darwin",
        "firefox-darwin": "firefox-darwin",
        "home-manager": "home-manager",
        "mac-app-util": "mac-app-util",
        "nixos-wsl": "nixos-wsl",
        "nixpkgs": "nixpkgs_2",
        "nur": "nur",
        "stable": "stable",
        "vscode-server": "vscode-server"
      }
    },
    "stable": {
      "locked": {
        "lastModified": 1731797254,
        "narHash": "sha256-df3dJApLPhd11AlueuoN0Q4fHo/hagP75LlM5K1sz9g=",
        "owner": "NixOS",
        "repo": "nixpkgs",
        "rev": "e8c38b73aeb218e27163376a2d617e61a2ad9b59",
        "type": "github"
      },
      "original": {
        "owner": "NixOS",
        "ref": "nixos-24.05",
        "repo": "nixpkgs",
        "type": "github"
      }
    },
    "systems": {
      "locked": {
        "lastModified": 1681028828,
        "narHash": "sha256-Vy1rq5AaRuLzOxct8nz4T6wlgyUR7zLU309k9mBC768=",
        "owner": "nix-systems",
        "repo": "default",
        "rev": "da67096a3b9bf56a91d16901293e51ba5b49a27e",
        "type": "github"
      },
      "original": {
        "owner": "nix-systems",
        "repo": "default",
        "type": "github"
      }
    },
    "systems_2": {
      "locked": {
        "lastModified": 1681028828,
        "narHash": "sha256-Vy1rq5AaRuLzOxct8nz4T6wlgyUR7zLU309k9mBC768=",
        "owner": "nix-systems",
        "repo": "default",
        "rev": "da67096a3b9bf56a91d16901293e51ba5b49a27e",
        "type": "github"
      },
      "original": {
        "owner": "nix-systems",
        "repo": "default",
        "type": "github"
      }
    },
    "systems_3": {
      "locked": {
        "lastModified": 1681028828,
        "narHash": "sha256-Vy1rq5AaRuLzOxct8nz4T6wlgyUR7zLU309k9mBC768=",
        "owner": "nix-systems",
        "repo": "default",
        "rev": "da67096a3b9bf56a91d16901293e51ba5b49a27e",
        "type": "github"
      },
      "original": {
        "owner": "nix-systems",
        "repo": "default",
        "type": "github"
      }
    },
    "vscode-server": {
      "inputs": {
        "flake-utils": "flake-utils_3",
        "nixpkgs": [
          "nixpkgs"
        ]
      },
      "locked": {
        "lastModified": 1729422940,
        "narHash": "sha256-DlvJv33ml5UTKgu4b0HauOfFIoDx6QXtbqUF3vWeRCY=",
        "owner": "msteen",
        "repo": "nixos-vscode-server",
        "rev": "8b6db451de46ecf9b4ab3d01ef76e59957ff549f",
        "type": "github"
      },
      "original": {
        "owner": "msteen",
        "repo": "nixos-vscode-server",
        "type": "github"
      }
    }
  },
  "root": "root",
  "version": 7
}
